
Microsoft Visual Studio Solution File, Format Version 12.00
# Visual Studio Version 16
VisualStudioVersion = 16.0.30717.126
MinimumVisualStudioVersion = 10.0.40219.1
Project("{FAE04EC0-301F-11D3-BF4B-00C04F79EFBC}") = "5204_Passion_Project_n01442368_v2", "5204_Passion_Project_n01442368_v2.csproj", "{EE221A14-4F57-4DF3-93EA-BA57A086B059}"
EndProject
Global
	GlobalSection(SolutionConfigurationPlatforms) = preSolution
		Debug|Any CPU = Debug|Any CPU
		Release|Any CPU = Release|Any CPU
	EndGlobalSection
	GlobalSection(ProjectConfigurationPlatforms) = postSolution
		{EE221A14-4F57-4DF3-93EA-BA57A086B059}.Debug|Any CPU.ActiveCfg = Debug|Any CPU
		{EE221A14-4F57-4DF3-93EA-BA57A086B059}.Debug|Any CPU.Build.0 = Debug|Any CPU
		{EE221A14-4F57-4DF3-93EA-BA57A086B059}.Release|Any CPU.ActiveCfg = Release|Any CPU
		{EE221A14-4F57-4DF3-93EA-BA57A086B059}.Release|Any CPU.Build.0 = Release|Any CPU
	EndGlobalSection
	GlobalSection(SolutionProperties) = preSolution
		HideSolutionNode = FALSE
	EndGlobalSection
	GlobalSection(ExtensibilityGlobals) = postSolution
		SolutionGuid = {899E3C7B-664A-4940-842C-ED3B8D5AFFEE}
	EndGlobalSection
EndGlobal
